{
  "name": "react-native-permission-hooks",
  "version": "1.0.0",
  "lockfileVersion": 1,
  "requires": true,
  "dependencies": {
    "react-native-permissions": {
      "version": "2.2.2",
      "resolved": "https://registry.npmjs.org/react-native-permissions/-/react-native-permissions-2.2.2.tgz",
      "integrity": "sha512-ihf4shQDSX5Oo9ChQXb9kr13mmyyNem5MaEvOpr3dCjhBOBWyEMztXm9/uPK1Qg5PsNpaYLa1KpcPZDCw87LXg=="
    }
  }
}
